// !$*UTF8*$!
{
	archiveVersion = 1;
	classes = {
	};
	objectVersion = 46;
	objects = {

/* Begin PBXBuildFile section */
		034ADC351708FE250044CB17 /* UIKit.framework in Frameworks */ = {isa = PBXBuildFile; fileRef = 034ADC341708FE250044CB17 /* UIKit.framework */; };
		034ADC371708FE250044CB17 /* Foundation.framework in Frameworks */ = {isa = PBXBuildFile; fileRef = 034ADC361708FE250044CB17 /* Foundation.framework */; };
		034ADC391708FE250044CB17 /* CoreGraphics.framework in Frameworks */ = {isa = PBXBuildFile; fileRef = 034ADC381708FE250044CB17 /* CoreGraphics.framework */; };
		034ADC3F1708FE280044CB17 /* InfoPlist.strings in Resources */ = {isa = PBXBuildFile; fileRef = 034ADC3D1708FE280044CB17 /* InfoPlist.strings */; };
		034ADC411708FE280044CB17 /* main.m in Sources */ = {isa = PBXBuildFile; fileRef = 034ADC401708FE280044CB17 /* main.m */; };
		034ADC451708FE290044CB17 /* JPAppDelegate.m in Sources */ = {isa = PBXBuildFile; fileRef = 034ADC441708FE290044CB17 /* JPAppDelegate.m */; };
		034ADC87170955A00044CB17 /* CoreData.framework in Frameworks */ = {isa = PBXBuildFile; fileRef = 034ADC85170955900044CB17 /* CoreData.framework */; };
		034FA65E1F6E40D100210365 /* Launch Screen.storyboard in Resources */ = {isa = PBXBuildFile; fileRef = 034FA65D1F6E40D100210365 /* Launch Screen.storyboard */; };
		034FA6601F6E431F00210365 /* Images.xcassets in Resources */ = {isa = PBXBuildFile; fileRef = 034FA65F1F6E431F00210365 /* Images.xcassets */; };
		03587D151710F18B00FA6267 /* JPMainViewController.m in Sources */ = {isa = PBXBuildFile; fileRef = 03587D101710F17600FA6267 /* JPMainViewController.m */; };
		03587D161710F18B00FA6267 /* JPReferenceLibraryViewController.m in Sources */ = {isa = PBXBuildFile; fileRef = 03587D121710F17600FA6267 /* JPReferenceLibraryViewController.m */; };
		03587D171710F18B00FA6267 /* JPUserListViewController.m in Sources */ = {isa = PBXBuildFile; fileRef = 03587D141710F17600FA6267 /* JPUserListViewController.m */; };
		03587D1D1710F1B500FA6267 /* DictionaryPlusPlus.xcdatamodel in Sources */ = {isa = PBXBuildFile; fileRef = 03587D181710F1A800FA6267 /* DictionaryPlusPlus.xcdatamodel */; };
		03587D1E1710F1B500FA6267 /* Favorite.m in Sources */ = {isa = PBXBuildFile; fileRef = 03587D1A1710F1A800FA6267 /* Favorite.m */; };
		03587D1F1710F1B500FA6267 /* Recent.m in Sources */ = {isa = PBXBuildFile; fileRef = 03587D1C1710F1A800FA6267 /* Recent.m */; };
/* End PBXBuildFile section */

/* Begin PBXFileReference section */
		034ADC311708FE250044CB17 /* Dictionary++.app */ = {isa = PBXFileReference; explicitFileType = wrapper.application; includeInIndex = 0; path = "Dictionary++.app"; sourceTree = BUILT_PRODUCTS_DIR; };
		034ADC341708FE250044CB17 /* UIKit.framework */ = {isa = PBXFileReference; lastKnownFileType = wrapper.framework; name = UIKit.framework; path = System/Library/Frameworks/UIKit.framework; sourceTree = SDKROOT; };
		034ADC361708FE250044CB17 /* Foundation.framework */ = {isa = PBXFileReference; lastKnownFileType = wrapper.framework; name = Foundation.framework; path = System/Library/Frameworks/Foundation.framework; sourceTree = SDKROOT; };
		034ADC381708FE250044CB17 /* CoreGraphics.framework */ = {isa = PBXFileReference; lastKnownFileType = wrapper.framework; name = CoreGraphics.framework; path = System/Library/Frameworks/CoreGraphics.framework; sourceTree = SDKROOT; };
		034ADC3C1708FE260044CB17 /* Dictionary++-Info.plist */ = {isa = PBXFileReference; lastKnownFileType = text.plist.xml; path = "Dictionary++-Info.plist"; sourceTree = "<group>"; };
		034ADC3E1708FE280044CB17 /* en */ = {isa = PBXFileReference; lastKnownFileType = text.plist.strings; name = en; path = en.lproj/InfoPlist.strings; sourceTree = "<group>"; };
		034ADC401708FE280044CB17 /* main.m */ = {isa = PBXFileReference; lastKnownFileType = sourcecode.c.objc; path = main.m; sourceTree = "<group>"; };
		034ADC421708FE290044CB17 /* Dictionary++-Prefix.pch */ = {isa = PBXFileReference; lastKnownFileType = sourcecode.c.h; path = "Dictionary++-Prefix.pch"; sourceTree = "<group>"; };
		034ADC431708FE290044CB17 /* JPAppDelegate.h */ = {isa = PBXFileReference; lastKnownFileType = sourcecode.c.h; path = JPAppDelegate.h; sourceTree = "<group>"; };
		034ADC441708FE290044CB17 /* JPAppDelegate.m */ = {isa = PBXFileReference; lastKnownFileType = sourcecode.c.objc; path = JPAppDelegate.m; sourceTree = "<group>"; };
		034ADC85170955900044CB17 /* CoreData.framework */ = {isa = PBXFileReference; lastKnownFileType = wrapper.framework; name = CoreData.framework; path = System/Library/Frameworks/CoreData.framework; sourceTree = SDKROOT; };
		034FA65D1F6E40D100210365 /* Launch Screen.storyboard */ = {isa = PBXFileReference; fileEncoding = 4; lastKnownFileType = file.storyboard; path = "Launch Screen.storyboard"; sourceTree = "<group>"; };
		034FA65F1F6E431F00210365 /* Images.xcassets */ = {isa = PBXFileReference; lastKnownFileType = folder.assetcatalog; path = Images.xcassets; sourceTree = "<group>"; };
		03587D0F1710F17600FA6267 /* JPMainViewController.h */ = {isa = PBXFileReference; lastKnownFileType = sourcecode.c.h; name = JPMainViewController.h; path = "View Controllers/JPMainViewController.h"; sourceTree = "<group>"; };
		03587D101710F17600FA6267 /* JPMainViewController.m */ = {isa = PBXFileReference; lastKnownFileType = sourcecode.c.objc; name = JPMainViewController.m; path = "View Controllers/JPMainViewController.m"; sourceTree = "<group>"; };
		03587D111710F17600FA6267 /* JPReferenceLibraryViewController.h */ = {isa = PBXFileReference; lastKnownFileType = sourcecode.c.h; name = JPReferenceLibraryViewController.h; path = "View Controllers/JPReferenceLibraryViewController.h"; sourceTree = "<group>"; };
		03587D121710F17600FA6267 /* JPReferenceLibraryViewController.m */ = {isa = PBXFileReference; lastKnownFileType = sourcecode.c.objc; name = JPReferenceLibraryViewController.m; path = "View Controllers/JPReferenceLibraryViewController.m"; sourceTree = "<group>"; };
		03587D131710F17600FA6267 /* JPUserListViewController.h */ = {isa = PBXFileReference; lastKnownFileType = sourcecode.c.h; name = JPUserListViewController.h; path = "View Controllers/JPUserListViewController.h"; sourceTree = "<group>"; };
		03587D141710F17600FA6267 /* JPUserListViewController.m */ = {isa = PBXFileReference; lastKnownFileType = sourcecode.c.objc; name = JPUserListViewController.m; path = "View Controllers/JPUserListViewController.m"; sourceTree = "<group>"; };
		03587D181710F1A800FA6267 /* DictionaryPlusPlus.xcdatamodel */ = {isa = PBXFileReference; lastKnownFileType = wrapper.xcdatamodel; name = DictionaryPlusPlus.xcdatamodel; path = Model/DictionaryPlusPlus.xcdatamodel; sourceTree = "<group>"; };
		03587D191710F1A800FA6267 /* Favorite.h */ = {isa = PBXFileReference; lastKnownFileType = sourcecode.c.h; name = Favorite.h; path = Model/Favorite.h; sourceTree = "<group>"; };
		03587D1A1710F1A800FA6267 /* Favorite.m */ = {isa = PBXFileReference; lastKnownFileType = sourcecode.c.objc; name = Favorite.m; path = Model/Favorite.m; sourceTree = "<group>"; };
		03587D1B1710F1A800FA6267 /* Recent.h */ = {isa = PBXFileReference; lastKnownFileType = sourcecode.c.h; name = Recent.h; path = Model/Recent.h; sourceTree = "<group>"; };
		03587D1C1710F1A800FA6267 /* Recent.m */ = {isa = PBXFileReference; lastKnownFileType = sourcecode.c.objc; name = Recent.m; path = Model/Recent.m; sourceTree = "<group>"; };
/* End PBXFileReference section */

/* Begin PBXFrameworksBuildPhase section */
		034ADC2E1708FE250044CB17 /* Frameworks */ = {
			isa = PBXFrameworksBuildPhase;
			buildActionMask = 2147483647;
			files = (
				034ADC87170955A00044CB17 /* CoreData.framework in Frameworks */,
				034ADC351708FE250044CB17 /* UIKit.framework in Frameworks */,
				034ADC371708FE250044CB17 /* Foundation.framework in Frameworks */,
				034ADC391708FE250044CB17 /* CoreGraphics.framework in Frameworks */,
			);
			runOnlyForDeploymentPostprocessing = 0;
		};
/* End PBXFrameworksBuildPhase section */

/* Begin PBXGroup section */
		034ADC281708FE250044CB17 = {
			isa = PBXGroup;
			children = (
				034ADC3A1708FE250044CB17 /* Dictionary++ */,
				034ADC331708FE250044CB17 /* Frameworks */,
				034ADC321708FE250044CB17 /* Products */,
			);
			sourceTree = "<group>";
		};
		034ADC321708FE250044CB17 /* Products */ = {
			isa = PBXGroup;
			children = (
				034ADC311708FE250044CB17 /* Dictionary++.app */,
			);
			name = Products;
			sourceTree = "<group>";
		};
		034ADC331708FE250044CB17 /* Frameworks */ = {
			isa = PBXGroup;
			children = (
				034ADC85170955900044CB17 /* CoreData.framework */,
				034ADC341708FE250044CB17 /* UIKit.framework */,
				034ADC361708FE250044CB17 /* Foundation.framework */,
				034ADC381708FE250044CB17 /* CoreGraphics.framework */,
			);
			name = Frameworks;
			sourceTree = "<group>";
		};
		034ADC3A1708FE250044CB17 /* Dictionary++ */ = {
			isa = PBXGroup;
			children = (
				034ADC431708FE290044CB17 /* JPAppDelegate.h */,
				034ADC441708FE290044CB17 /* JPAppDelegate.m */,
				03587D0D1710F14100FA6267 /* View Controllers */,
				03587D0E1710F14B00FA6267 /* Model */,
				034ADC3B1708FE260044CB17 /* Supporting Files */,
			);
			path = "Dictionary++";
			sourceTree = "<group>";
		};
		034ADC3B1708FE260044CB17 /* Supporting Files */ = {
			isa = PBXGroup;
			children = (
				034FA65F1F6E431F00210365 /* Images.xcassets */,
				034FA65D1F6E40D100210365 /* Launch Screen.storyboard */,
				034ADC3C1708FE260044CB17 /* Dictionary++-Info.plist */,
				034ADC3D1708FE280044CB17 /* InfoPlist.strings */,
				034ADC401708FE280044CB17 /* main.m */,
				034ADC421708FE290044CB17 /* Dictionary++-Prefix.pch */,
			);
			name = "Supporting Files";
			sourceTree = "<group>";
		};
		03587D0D1710F14100FA6267 /* View Controllers */ = {
			isa = PBXGroup;
			children = (
				03587D0F1710F17600FA6267 /* JPMainViewController.h */,
				03587D101710F17600FA6267 /* JPMainViewController.m */,
				03587D111710F17600FA6267 /* JPReferenceLibraryViewController.h */,
				03587D121710F17600FA6267 /* JPReferenceLibraryViewController.m */,
				03587D131710F17600FA6267 /* JPUserListViewController.h */,
				03587D141710F17600FA6267 /* JPUserListViewController.m */,
			);
			name = "View Controllers";
			sourceTree = "<group>";
		};
		03587D0E1710F14B00FA6267 /* Model */ = {
			isa = PBXGroup;
			children = (
				03587D181710F1A800FA6267 /* DictionaryPlusPlus.xcdatamodel */,
				03587D191710F1A800FA6267 /* Favorite.h */,
				03587D1A1710F1A800FA6267 /* Favorite.m */,
				03587D1B1710F1A800FA6267 /* Recent.h */,
				03587D1C1710F1A800FA6267 /* Recent.m */,
			);
			name = Model;
			sourceTree = "<group>";
		};
/* End PBXGroup section */

/* Begin PBXNativeTarget section */
		034ADC301708FE250044CB17 /* Dictionary++ */ = {
			isa = PBXNativeTarget;
			buildConfigurationList = 034ADC4E1708FE2B0044CB17 /* Build configuration list for PBXNativeTarget "Dictionary++" */;
			buildPhases = (
				034ADC2D1708FE250044CB17 /* Sources */,
				034ADC2E1708FE250044CB17 /* Frameworks */,
				034ADC2F1708FE250044CB17 /* Resources */,
			);
			buildRules = (
			);
			dependencies = (
			);
			name = "Dictionary++";
			productName = "Dictionary++";
			productReference = 034ADC311708FE250044CB17 /* Dictionary++.app */;
			productType = "com.apple.product-type.application";
		};
/* End PBXNativeTarget section */

/* Begin PBXProject section */
		034ADC291708FE250044CB17 /* Project object */ = {
			isa = PBXProject;
			attributes = {
				CLASSPREFIX = JP;
				LastUpgradeCheck = 0810;
				ORGANIZATIONNAME = "Josh Parnham";
			};
			buildConfigurationList = 034ADC2C1708FE250044CB17 /* Build configuration list for PBXProject "Dictionary++" */;
			compatibilityVersion = "Xcode 3.2";
			developmentRegion = English;
			hasScannedForEncodings = 0;
			knownRegions = (
				en,
			);
			mainGroup = 034ADC281708FE250044CB17;
			productRefGroup = 034ADC321708FE250044CB17 /* Products */;
			projectDirPath = "";
			projectRoot = "";
			targets = (
				034ADC301708FE250044CB17 /* Dictionary++ */,
			);
		};
/* End PBXProject section */

/* Begin PBXResourcesBuildPhase section */
		034ADC2F1708FE250044CB17 /* Resources */ = {
			isa = PBXResourcesBuildPhase;
			buildActionMask = 2147483647;
			files = (
				034FA6601F6E431F00210365 /* Images.xcassets in Resources */,
				034ADC3F1708FE280044CB17 /* InfoPlist.strings in Resources */,
				034FA65E1F6E40D100210365 /* Launch Screen.storyboard in Resources */,
			);
			runOnlyForDeploymentPostprocessing = 0;
		};
/* End PBXResourcesBuildPhase section */

/* Begin PBXSourcesBuildPhase section */
		034ADC2D1708FE250044CB17 /* Sources */ = {
			isa = PBXSourcesBuildPhase;
			buildActionMask = 2147483647;
			files = (
				03587D1D1710F1B500FA6267 /* DictionaryPlusPlus.xcdatamodel in Sources */,
				03587D1E1710F1B500FA6267 /* Favorite.m in Sources */,
				03587D1F1710F1B500FA6267 /* Recent.m in Sources */,
				03587D151710F18B00FA6267 /* JPMainViewController.m in Sources */,
				03587D161710F18B00FA6267 /* JPReferenceLibraryViewController.m in Sources */,
				03587D171710F18B00FA6267 /* JPUserListViewController.m in Sources */,
				034ADC411708FE280044CB17 /* main.m in Sources */,
				034ADC451708FE290044CB17 /* JPAppDelegate.m in Sources */,
			);
			runOnlyForDeploymentPostprocessing = 0;
		};
/* End PBXSourcesBuildPhase section */

/* Begin PBXVariantGroup section */
		034ADC3D1708FE280044CB17 /* InfoPlist.strings */ = {
			isa = PBXVariantGroup;
			children = (
				034ADC3E1708FE280044CB17 /* en */,
			);
			name = InfoPlist.strings;
			sourceTree = "<group>";
		};
/* End PBXVariantGroup section */

/* Begin XCBuildConfiguration section */
		034ADC4C1708FE2B0044CB17 /* Debug */ = {
			isa = XCBuildConfiguration;
			buildSettings = {
				ALWAYS_SEARCH_USER_PATHS = NO;
				ASSETCATALOG_COMPILER_APPICON_NAME = AppIcon;
				CLANG_CXX_LANGUAGE_STANDARD = "gnu++0x";
				CLANG_CXX_LIBRARY = "libc++";
				CLANG_WARN_BOOL_CONVERSION = YES;
				CLANG_WARN_CONSTANT_CONVERSION = YES;
				CLANG_WARN_EMPTY_BODY = YES;
				CLANG_WARN_ENUM_CONVERSION = YES;
				CLANG_WARN_INFINITE_RECURSION = YES;
				CLANG_WARN_INT_CONVERSION = YES;
				CLANG_WARN_SUSPICIOUS_MOVE = YES;
				CLANG_WARN_UNREACHABLE_CODE = YES;
				CLANG_WARN__DUPLICATE_METHOD_MATCH = YES;
				"CODE_SIGN_IDENTITY[sdk=iphoneos*]" = "iPhone Developer";
				COPY_PHASE_STRIP = NO;
				ENABLE_STRICT_OBJC_MSGSEND = YES;
				ENABLE_TESTABILITY = YES;
				GCC_C_LANGUAGE_STANDARD = gnu99;
				GCC_DYNAMIC_NO_PIC = NO;
				GCC_NO_COMMON_BLOCKS = YES;
				GCC_OPTIMIZATION_LEVEL = 0;
				GCC_PREPROCESSOR_DEFINITIONS = (
					"DEBUG=1",
					"$(inherited)",
				);
				GCC_SYMBOLS_PRIVATE_EXTERN = NO;
				GCC_WARN_64_TO_32_BIT_CONVERSION = YES;
				GCC_WARN_ABOUT_RETURN_TYPE = YES;
				GCC_WARN_UNDECLARED_SELECTOR = YES;
				GCC_WARN_UNINITIALIZED_AUTOS = YES;
				GCC_WARN_UNUSED_FUNCTION = YES;
				GCC_WARN_UNUSED_VARIABLE = YES;
				IPHONEOS_DEPLOYMENT_TARGET = 9.0;
				ONLY_ACTIVE_ARCH = YES;
				SDKROOT = iphoneos;
				TARGETED_DEVICE_FAMILY = "1,2";
			};
			name = Debug;
		};
		034ADC4D1708FE2B0044CB17 /* Release */ = {
			isa = XCBuildConfiguration;
			buildSettings = {
				ALWAYS_SEARCH_USER_PATHS = NO;
				ASSETCATALOG_COMPILER_APPICON_NAME = AppIcon;
				CLANG_CXX_LANGUAGE_STANDARD = "gnu++0x";
				CLANG_CXX_LIBRARY = "libc++";
				CLANG_WARN_BOOL_CONVERSION = YES;
				CLANG_WARN_CONSTANT_CONVERSION = YES;
				CLANG_WARN_EMPTY_BODY = YES;
				CLANG_WARN_ENUM_CONVERSION = YES;
				CLANG_WARN_INFINITE_RECURSION = YES;
				CLANG_WARN_INT_CONVERSION = YES;
				CLANG_WARN_SUSPICIOUS_MOVE = YES;
				CLANG_WARN_UNREACHABLE_CODE = YES;
				CLANG_WARN__DUPLICATE_METHOD_MATCH = YES;
				"CODE_SIGN_IDENTITY[sdk=iphoneos*]" = "iPhone Developer";
				COPY_PHASE_STRIP = YES;
				ENABLE_STRICT_OBJC_MSGSEND = YES;
				GCC_C_LANGUAGE_STANDARD = gnu99;
				GCC_NO_COMMON_BLOCKS = YES;
				GCC_WARN_64_TO_32_BIT_CONVERSION = YES;
				GCC_WARN_ABOUT_RETURN_TYPE = YES;
				GCC_WARN_UNDECLARED_SELECTOR = YES;
				GCC_WARN_UNINITIALIZED_AUTOS = YES;
				GCC_WARN_UNUSED_FUNCTION = YES;
				GCC_WARN_UNUSED_VARIABLE = YES;
				IPHONEOS_DEPLOYMENT_TARGET = 9.0;
				OTHER_CFLAGS = "-DNS_BLOCK_ASSERTIONS=1";
				SDKROOT = iphoneos;
				TARGETED_DEVICE_FAMILY = "1,2";
				VALIDATE_PRODUCT = YES;
			};
			name = Release;
		};
		034ADC4F1708FE2B0044CB17 /* Debug */ = {
			isa = XCBuildConfiguration;
			buildSettings = {
				ASSETCATALOG_COMPILER_APPICON_NAME = AppIcon;
				CLANG_ENABLE_OBJC_ARC = YES;
				GCC_PRECOMPILE_PREFIX_HEADER = YES;
				GCC_PREFIX_HEADER = "Dictionary++/Dictionary++-Prefix.pch";
				INFOPLIST_FILE = "Dictionary++/Dictionary++-Info.plist";
				IPHONEOS_DEPLOYMENT_TARGET = 9.0;
				PRODUCT_BUNDLE_IDENTIFIER = "joshparnham.${PRODUCT_NAME:rfc1034identifier}";
				PRODUCT_NAME = "$(TARGET_NAME)";
				WRAPPER_EXTENSION = app;
			};
			name = Debug;
		};
		034ADC501708FE2B0044CB17 /* Release */ = {
			isa = XCBuildConfiguration;
			buildSettings = {
				ASSETCATALOG_COMPILER_APPICON_NAME = AppIcon;
				CLANG_ENABLE_OBJC_ARC = YES;
				GCC_PRECOMPILE_PREFIX_HEADER = YES;
				GCC_PREFIX_HEADER = "Dictionary++/Dictionary++-Prefix.pch";
				INFOPLIST_FILE = "Dictionary++/Dictionary++-Info.plist";
				IPHONEOS_DEPLOYMENT_TARGET = 9.0;
				PRODUCT_BUNDLE_IDENTIFIER = "joshparnham.${PRODUCT_NAME:rfc1034identifier}";
				PRODUCT_NAME = "$(TARGET_NAME)";
				WRAPPER_EXTENSION = app;
			};
			name = Release;
		};
/* End XCBuildConfiguration section */

/* Begin XCConfigurationList section */
		034ADC2C1708FE250044CB17 /* Build configuration list for PBXProject "Dictionary++" */ = {
			isa = XCConfigurationList;
			buildConfigurations = (
				034ADC4C1708FE2B0044CB17 /* Debug */,
				034ADC4D1708FE2B0044CB17 /* Release */,
			);
			defaultConfigurationIsVisible = 0;
			defaultConfigurationName = Release;
		};
		034ADC4E1708FE2B0044CB17 /* Build configuration list for PBXNativeTarget "Dictionary++" */ = {
			isa = XCConfigurationList;
			buildConfigurations = (
				034ADC4F1708FE2B0044CB17 /* Debug */,
				034ADC501708FE2B0044CB17 /* Release */,
			);
			defaultConfigurationIsVisible = 0;
			defaultConfigurationName = Release;
		};
/* End XCConfigurationList section */
	};
	rootObject = 034ADC291708FE250044CB17 /* Project object */;
}
